Microsoft Visual Studio Solution File, Format Version 11.00
# Visual Studio 2008

Project("{FCC57B16-3800-7601-B18F-5EEFAC5BA6D8}") = "Moonrise", "Assembly-CSharp.csproj", "{C67E6F81-99E0-98B8-ED16-9BE471669836}"
EndProject
Global
	GlobalSection(SolutionConfigurationPlatforms) = preSolution
		Debug|Any CPU = Debug|Any CPU
		Release|Any CPU = Release|Any CPU
	EndGlobalSection
	GlobalSection(ProjectConfigurationPlatforms) = postSolution
		{C67E6F81-99E0-98B8-ED16-9BE471669836}.Debug|Any CPU.ActiveCfg = Debug|Any CPU
		{C67E6F81-99E0-98B8-ED16-9BE471669836}.Debug|Any CPU.Build.0 = Debug|Any CPU
		{C67E6F81-99E0-98B8-ED16-9BE471669836}.Release|Any CPU.ActiveCfg = Release|Any CPU
		{C67E6F81-99E0-98B8-ED16-9BE471669836}.Release|Any CPU.Build.0 = Release|Any CPU
	EndGlobalSection
	GlobalSection(SolutionProperties) = preSolution
		HideSolutionNode = FALSE
	EndGlobalSection
	GlobalSection(MonoDevelopProperties) = preSolution
		StartupItem = Assembly-CSharp.csproj
	EndGlobalSection
EndGlobal
